// !$*UTF8*$!
{
	archiveVersion = 1;
	classes = {
	};
	objectVersion = 56;
	objects = {

/* Begin PBXBuildFile section */
		7423165328EEF08F00E1B5C4 /* ConsistencyIconExampleView.swift in Sources */ = {isa = PBXBuildFile; fileRef = 7423165228EEF08F00E1B5C4 /* ConsistencyIconExampleView.swift */; };
		7423165528EEF51D00E1B5C4 /* OpticalCenteringExampleView.swift in Sources */ = {isa = PBXBuildFile; fileRef = 7423165428EEF51D00E1B5C4 /* OpticalCenteringExampleView.swift */; };
		7423165728EEF7BF00E1B5C4 /* HeteropticsExampleView.swift in Sources */ = {isa = PBXBuildFile; fileRef = 7423165628EEF7BF00E1B5C4 /* HeteropticsExampleView.swift */; };
		743EC9E9297E9CD3008F95CC /* Color+extension.swift in Sources */ = {isa = PBXBuildFile; fileRef = 743EC9E8297E9CD3008F95CC /* Color+extension.swift */; };
		743EC9EC297E9D39008F95CC /* Appearance.swift in Sources */ = {isa = PBXBuildFile; fileRef = 743EC9EB297E9D39008F95CC /* Appearance.swift */; };
		743EC9EE297E9EF9008F95CC /* WidgetLayerAccentColorExample.swift in Sources */ = {isa = PBXBuildFile; fileRef = 743EC9ED297E9EF9008F95CC /* WidgetLayerAccentColorExample.swift */; };
		74568E512AB30293002B260B /* AccentColorExampleView.swift in Sources */ = {isa = PBXBuildFile; fileRef = 74568E502AB30293002B260B /* AccentColorExampleView.swift */; };
		74AA6C7C28EDA96B009BADF9 /* DIG_componentsApp.swift in Sources */ = {isa = PBXBuildFile; fileRef = 74AA6C7B28EDA96B009BADF9 /* DIG_componentsApp.swift */; };
		74AA6C7E28EDA96B009BADF9 /* ContentView.swift in Sources */ = {isa = PBXBuildFile; fileRef = 74AA6C7D28EDA96B009BADF9 /* ContentView.swift */; };
		74AA6C8028EDA96C009BADF9 /* Assets.xcassets in Resources */ = {isa = PBXBuildFile; fileRef = 74AA6C7F28EDA96C009BADF9 /* Assets.xcassets */; };
		74AA6C8328EDA96C009BADF9 /* Preview Assets.xcassets in Resources */ = {isa = PBXBuildFile; fileRef = 74AA6C8228EDA96C009BADF9 /* Preview Assets.xcassets */; };
		74AA6C8A28EDAAD9009BADF9 /* NonPerceptibleColorExmapleView.swift in Sources */ = {isa = PBXBuildFile; fileRef = 74AA6C8928EDAAD9009BADF9 /* NonPerceptibleColorExmapleView.swift */; };
		74B95AAA2970034D00230FEC /* WidgetLayerColorExampleView.swift in Sources */ = {isa = PBXBuildFile; fileRef = 74B95AA92970034D00230FEC /* WidgetLayerColorExampleView.swift */; };
		74C6B8B0297E7A010016DDC7 /* WidgetLabelColorExampleView.swift in Sources */ = {isa = PBXBuildFile; fileRef = 74C6B8AF297E7A010016DDC7 /* WidgetLabelColorExampleView.swift */; };
		74D1AB4928F7EE0A0022E2CF /* PositiveNagativeSymbolExampleView.swift in Sources */ = {isa = PBXBuildFile; fileRef = 74D1AB4828F7EE0A0022E2CF /* PositiveNagativeSymbolExampleView.swift */; };
/* End PBXBuildFile section */

/* Begin PBXFileReference section */
		7423165228EEF08F00E1B5C4 /* ConsistencyIconExampleView.swift */ = {isa = PBXFileReference; lastKnownFileType = sourcecode.swift; path = ConsistencyIconExampleView.swift; sourceTree = "<group>"; };
		7423165428EEF51D00E1B5C4 /* OpticalCenteringExampleView.swift */ = {isa = PBXFileReference; lastKnownFileType = sourcecode.swift; path = OpticalCenteringExampleView.swift; sourceTree = "<group>"; };
		7423165628EEF7BF00E1B5C4 /* HeteropticsExampleView.swift */ = {isa = PBXFileReference; lastKnownFileType = sourcecode.swift; path = HeteropticsExampleView.swift; sourceTree = "<group>"; };
		743EC9E8297E9CD3008F95CC /* Color+extension.swift */ = {isa = PBXFileReference; lastKnownFileType = sourcecode.swift; path = "Color+extension.swift"; sourceTree = "<group>"; };
		743EC9EB297E9D39008F95CC /* Appearance.swift */ = {isa = PBXFileReference; lastKnownFileType = sourcecode.swift; path = Appearance.swift; sourceTree = "<group>"; };
		743EC9ED297E9EF9008F95CC /* WidgetLayerAccentColorExample.swift */ = {isa = PBXFileReference; lastKnownFileType = sourcecode.swift; path = WidgetLayerAccentColorExample.swift; sourceTree = "<group>"; };
		74568E502AB30293002B260B /* AccentColorExampleView.swift */ = {isa = PBXFileReference; lastKnownFileType = sourcecode.swift; path = AccentColorExampleView.swift; sourceTree = "<group>"; };
		74AA6C7828EDA96B009BADF9 /* DIG-components.app */ = {isa = PBXFileReference; explicitFileType = wrapper.application; includeInIndex = 0; path = "DIG-components.app"; sourceTree = BUILT_PRODUCTS_DIR; };
		74AA6C7B28EDA96B009BADF9 /* DIG_componentsApp.swift */ = {isa = PBXFileReference; lastKnownFileType = sourcecode.swift; path = DIG_componentsApp.swift; sourceTree = "<group>"; };
		74AA6C7D28EDA96B009BADF9 /* ContentView.swift */ = {isa = PBXFileReference; lastKnownFileType = sourcecode.swift; path = ContentView.swift; sourceTree = "<group>"; };
		74AA6C7F28EDA96C009BADF9 /* Assets.xcassets */ = {isa = PBXFileReference; lastKnownFileType = folder.assetcatalog; path = Assets.xcassets; sourceTree = "<group>"; };
		74AA6C8228EDA96C009BADF9 /* Preview Assets.xcassets */ = {isa = PBXFileReference; lastKnownFileType = folder.assetcatalog; path = "Preview Assets.xcassets"; sourceTree = "<group>"; };
		74AA6C8928EDAAD9009BADF9 /* NonPerceptibleColorExmapleView.swift */ = {isa = PBXFileReference; lastKnownFileType = sourcecode.swift; path = NonPerceptibleColorExmapleView.swift; sourceTree = "<group>"; };
		74B95AA92970034D00230FEC /* WidgetLayerColorExampleView.swift */ = {isa = PBXFileReference; lastKnownFileType = sourcecode.swift; path = WidgetLayerColorExampleView.swift; sourceTree = "<group>"; };
		74C6B8AF297E7A010016DDC7 /* WidgetLabelColorExampleView.swift */ = {isa = PBXFileReference; lastKnownFileType = sourcecode.swift; path = WidgetLabelColorExampleView.swift; sourceTree = "<group>"; };
		74D1AB4828F7EE0A0022E2CF /* PositiveNagativeSymbolExampleView.swift */ = {isa = PBXFileReference; lastKnownFileType = sourcecode.swift; path = PositiveNagativeSymbolExampleView.swift; sourceTree = "<group>"; };
/* End PBXFileReference section */

/* Begin PBXFrameworksBuildPhase section */
		74AA6C7528EDA96B009BADF9 /* Frameworks */ = {
			isa = PBXFrameworksBuildPhase;
			buildActionMask = 2147483647;
			files = (
			);
			runOnlyForDeploymentPostprocessing = 0;
		};
/* End PBXFrameworksBuildPhase section */

/* Begin PBXGroup section */
		743EC9EA297E9D13008F95CC /* Widget+Color */ = {
			isa = PBXGroup;
			children = (
				743EC9E8297E9CD3008F95CC /* Color+extension.swift */,
				743EC9EB297E9D39008F95CC /* Appearance.swift */,
				74B95AA92970034D00230FEC /* WidgetLayerColorExampleView.swift */,
				74C6B8AF297E7A010016DDC7 /* WidgetLabelColorExampleView.swift */,
				743EC9ED297E9EF9008F95CC /* WidgetLayerAccentColorExample.swift */,
			);
			path = "Widget+Color";
			sourceTree = "<group>";
		};
		74AA6C6F28EDA96B009BADF9 = {
			isa = PBXGroup;
			children = (
				74AA6C7A28EDA96B009BADF9 /* DIG-components */,
				74AA6C7928EDA96B009BADF9 /* Products */,
			);
			sourceTree = "<group>";
		};
		74AA6C7928EDA96B009BADF9 /* Products */ = {
			isa = PBXGroup;
			children = (
				74AA6C7828EDA96B009BADF9 /* DIG-components.app */,
			);
			name = Products;
			sourceTree = "<group>";
		};
		74AA6C7A28EDA96B009BADF9 /* DIG-components */ = {
			isa = PBXGroup;
			children = (
				74AA6C8B28EDAAE2009BADF9 /* View */,
				74AA6C7B28EDA96B009BADF9 /* DIG_componentsApp.swift */,
				74AA6C7F28EDA96C009BADF9 /* Assets.xcassets */,
				74AA6C8128EDA96C009BADF9 /* Preview Content */,
			);
			path = "DIG-components";
			sourceTree = "<group>";
		};
		74AA6C8128EDA96C009BADF9 /* Preview Content */ = {
			isa = PBXGroup;
			children = (
				74AA6C8228EDA96C009BADF9 /* Preview Assets.xcassets */,
			);
			path = "Preview Content";
			sourceTree = "<group>";
		};
		74AA6C8B28EDAAE2009BADF9 /* View */ = {
			isa = PBXGroup;
			children = (
				74AA6C7D28EDA96B009BADF9 /* ContentView.swift */,
				74AA6C8928EDAAD9009BADF9 /* NonPerceptibleColorExmapleView.swift */,
				7423165228EEF08F00E1B5C4 /* ConsistencyIconExampleView.swift */,
				7423165428EEF51D00E1B5C4 /* OpticalCenteringExampleView.swift */,
				7423165628EEF7BF00E1B5C4 /* HeteropticsExampleView.swift */,
				74D1AB4828F7EE0A0022E2CF /* PositiveNagativeSymbolExampleView.swift */,
				743EC9EA297E9D13008F95CC /* Widget+Color */,
				74568E502AB30293002B260B /* AccentColorExampleView.swift */,
			);
			path = View;
			sourceTree = "<group>";
		};
/* End PBXGroup section */

/* Begin PBXNativeTarget section */
		74AA6C7728EDA96B009BADF9 /* DIG-components */ = {
			isa = PBXNativeTarget;
			buildConfigurationList = 74AA6C8628EDA96C009BADF9 /* Build configuration list for PBXNativeTarget "DIG-components" */;
			buildPhases = (
				74AA6C7428EDA96B009BADF9 /* Sources */,
				74AA6C7528EDA96B009BADF9 /* Frameworks */,
				74AA6C7628EDA96B009BADF9 /* Resources */,
			);
			buildRules = (
			);
			dependencies = (
			);
			name = "DIG-components";
			productName = "DIG-components";
			productReference = 74AA6C7828EDA96B009BADF9 /* DIG-components.app */;
			productType = "com.apple.product-type.application";
		};
/* End PBXNativeTarget section */

/* Begin PBXProject section */
		74AA6C7028EDA96B009BADF9 /* Project object */ = {
			isa = PBXProject;
			attributes = {
				BuildIndependentTargetsInParallel = 1;
				LastSwiftUpdateCheck = 1400;
				LastUpgradeCheck = 1400;
				TargetAttributes = {
					74AA6C7728EDA96B009BADF9 = {
						CreatedOnToolsVersion = 14.0;
					};
				};
			};
			buildConfigurationList = 74AA6C7328EDA96B009BADF9 /* Build configuration list for PBXProject "DIG-components" */;
			compatibilityVersion = "Xcode 14.0";
			developmentRegion = en;
			hasScannedForEncodings = 0;
			knownRegions = (
				en,
				Base,
			);
			mainGroup = 74AA6C6F28EDA96B009BADF9;
			productRefGroup = 74AA6C7928EDA96B009BADF9 /* Products */;
			projectDirPath = "";
			projectRoot = "";
			targets = (
				74AA6C7728EDA96B009BADF9 /* DIG-components */,
			);
		};
/* End PBXProject section */

/* Begin PBXResourcesBuildPhase section */
		74AA6C7628EDA96B009BADF9 /* Resources */ = {
			isa = PBXResourcesBuildPhase;
			buildActionMask = 2147483647;
			files = (
				74AA6C8328EDA96C009BADF9 /* Preview Assets.xcassets in Resources */,
				74AA6C8028EDA96C009BADF9 /* Assets.xcassets in Resources */,
			);
			runOnlyForDeploymentPostprocessing = 0;
		};
/* End PBXResourcesBuildPhase section */

/* Begin PBXSourcesBuildPhase section */
		74AA6C7428EDA96B009BADF9 /* Sources */ = {
			isa = PBXSourcesBuildPhase;
			buildActionMask = 2147483647;
			files = (
				743EC9EE297E9EF9008F95CC /* WidgetLayerAccentColorExample.swift in Sources */,
				74568E512AB30293002B260B /* AccentColorExampleView.swift in Sources */,
				74AA6C7E28EDA96B009BADF9 /* ContentView.swift in Sources */,
				74C6B8B0297E7A010016DDC7 /* WidgetLabelColorExampleView.swift in Sources */,
				74B95AAA2970034D00230FEC /* WidgetLayerColorExampleView.swift in Sources */,
				74AA6C7C28EDA96B009BADF9 /* DIG_componentsApp.swift in Sources */,
				7423165328EEF08F00E1B5C4 /* ConsistencyIconExampleView.swift in Sources */,
				74D1AB4928F7EE0A0022E2CF /* PositiveNagativeSymbolExampleView.swift in Sources */,
				7423165528EEF51D00E1B5C4 /* OpticalCenteringExampleView.swift in Sources */,
				743EC9EC297E9D39008F95CC /* Appearance.swift in Sources */,
				743EC9E9297E9CD3008F95CC /* Color+extension.swift in Sources */,
				7423165728EEF7BF00E1B5C4 /* HeteropticsExampleView.swift in Sources */,
				74AA6C8A28EDAAD9009BADF9 /* NonPerceptibleColorExmapleView.swift in Sources */,
			);
			runOnlyForDeploymentPostprocessing = 0;
		};
/* End PBXSourcesBuildPhase section */

/* Begin XCBuildConfiguration section */
		74AA6C8428EDA96C009BADF9 /* Debug */ = {
			isa = XCBuildConfiguration;
			buildSettings = {
				ALWAYS_SEARCH_USER_PATHS = NO;
				CLANG_ANALYZER_NONNULL = YES;
				CLANG_ANALYZER_NUMBER_OBJECT_CONVERSION = YES_AGGRESSIVE;
				CLANG_CXX_LANGUAGE_STANDARD = "gnu++20";
				CLANG_ENABLE_MODULES = YES;
				CLANG_ENABLE_OBJC_ARC = YES;
				CLANG_ENABLE_OBJC_WEAK = YES;
				CLANG_WARN_BLOCK_CAPTURE_AUTORELEASING = YES;
				CLANG_WARN_BOOL_CONVERSION = YES;
				CLANG_WARN_COMMA = YES;
				CLANG_WARN_CONSTANT_CONVERSION = YES;
				CLANG_WARN_DEPRECATED_OBJC_IMPLEMENTATIONS = YES;
				CLANG_WARN_DIRECT_OBJC_ISA_USAGE = YES_ERROR;
				CLANG_WARN_DOCUMENTATION_COMMENTS = YES;
				CLANG_WARN_EMPTY_BODY = YES;
				CLANG_WARN_ENUM_CONVERSION = YES;
				CLANG_WARN_INFINITE_RECURSION = YES;
				CLANG_WARN_INT_CONVERSION = YES;
				CLANG_WARN_NON_LITERAL_NULL_CONVERSION = YES;
				CLANG_WARN_OBJC_IMPLICIT_RETAIN_SELF = YES;
				CLANG_WARN_OBJC_LITERAL_CONVERSION = YES;
				CLANG_WARN_OBJC_ROOT_CLASS = YES_ERROR;
				CLANG_WARN_QUOTED_INCLUDE_IN_FRAMEWORK_HEADER = YES;
				CLANG_WARN_RANGE_LOOP_ANALYSIS = YES;
				CLANG_WARN_STRICT_PROTOTYPES = YES;
				CLANG_WARN_SUSPICIOUS_MOVE = YES;
				CLANG_WARN_UNGUARDED_AVAILABILITY = YES_AGGRESSIVE;
				CLANG_WARN_UNREACHABLE_CODE = YES;
				CLANG_WARN__DUPLICATE_METHOD_MATCH = YES;
				COPY_PHASE_STRIP = NO;
				DEBUG_INFORMATION_FORMAT = dwarf;
				ENABLE_STRICT_OBJC_MSGSEND = YES;
				ENABLE_TESTABILITY = YES;
				GCC_C_LANGUAGE_STANDARD = gnu11;
				GCC_DYNAMIC_NO_PIC = NO;
				GCC_NO_COMMON_BLOCKS = YES;
				GCC_OPTIMIZATION_LEVEL = 0;
				GCC_PREPROCESSOR_DEFINITIONS = (
					"DEBUG=1",
					"$(inherited)",
				);
				GCC_WARN_64_TO_32_BIT_CONVERSION = YES;
				GCC_WARN_ABOUT_RETURN_TYPE = YES_ERROR;
				GCC_WARN_UNDECLARED_SELECTOR = YES;
				GCC_WARN_UNINITIALIZED_AUTOS = YES_AGGRESSIVE;
				GCC_WARN_UNUSED_FUNCTION = YES;
				GCC_WARN_UNUSED_VARIABLE = YES;
				IPHONEOS_DEPLOYMENT_TARGET = 16.0;
				MTL_ENABLE_DEBUG_INFO = INCLUDE_SOURCE;
				MTL_FAST_MATH = YES;
				ONLY_ACTIVE_ARCH = YES;
				SDKROOT = iphoneos;
				SWIFT_ACTIVE_COMPILATION_CONDITIONS = DEBUG;
				SWIFT_OPTIMIZATION_LEVEL = "-Onone";
			};
			name = Debug;
		};
		74AA6C8528EDA96C009BADF9 /* Release */ = {
			isa = XCBuildConfiguration;
			buildSettings = {
				ALWAYS_SEARCH_USER_PATHS = NO;
				CLANG_ANALYZER_NONNULL = YES;
				CLANG_ANALYZER_NUMBER_OBJECT_CONVERSION = YES_AGGRESSIVE;
				CLANG_CXX_LANGUAGE_STANDARD = "gnu++20";
				CLANG_ENABLE_MODULES = YES;
				CLANG_ENABLE_OBJC_ARC = YES;
				CLANG_ENABLE_OBJC_WEAK = YES;
				CLANG_WARN_BLOCK_CAPTURE_AUTORELEASING = YES;
				CLANG_WARN_BOOL_CONVERSION = YES;
				CLANG_WARN_COMMA = YES;
				CLANG_WARN_CONSTANT_CONVERSION = YES;
				CLANG_WARN_DEPRECATED_OBJC_IMPLEMENTATIONS = YES;
				CLANG_WARN_DIRECT_OBJC_ISA_USAGE = YES_ERROR;
				CLANG_WARN_DOCUMENTATION_COMMENTS = YES;
				CLANG_WARN_EMPTY_BODY = YES;
				CLANG_WARN_ENUM_CONVERSION = YES;
				CLANG_WARN_INFINITE_RECURSION = YES;
				CLANG_WARN_INT_CONVERSION = YES;
				CLANG_WARN_NON_LITERAL_NULL_CONVERSION = YES;
				CLANG_WARN_OBJC_IMPLICIT_RETAIN_SELF = YES;
				CLANG_WARN_OBJC_LITERAL_CONVERSION = YES;
				CLANG_WARN_OBJC_ROOT_CLASS = YES_ERROR;
				CLANG_WARN_QUOTED_INCLUDE_IN_FRAMEWORK_HEADER = YES;
				CLANG_WARN_RANGE_LOOP_ANALYSIS = YES;
				CLANG_WARN_STRICT_PROTOTYPES = YES;
				CLANG_WARN_SUSPICIOUS_MOVE = YES;
				CLANG_WARN_UNGUARDED_AVAILABILITY = YES_AGGRESSIVE;
				CLANG_WARN_UNREACHABLE_CODE = YES;
				CLANG_WARN__DUPLICATE_METHOD_MATCH = YES;
				COPY_PHASE_STRIP = NO;
				DEBUG_INFORMATION_FORMAT = "dwarf-with-dsym";
				ENABLE_NS_ASSERTIONS = NO;
				ENABLE_STRICT_OBJC_MSGSEND = YES;
				GCC_C_LANGUAGE_STANDARD = gnu11;
				GCC_NO_COMMON_BLOCKS = YES;
				GCC_WARN_64_TO_32_BIT_CONVERSION = YES;
				GCC_WARN_ABOUT_RETURN_TYPE = YES_ERROR;
				GCC_WARN_UNDECLARED_SELECTOR = YES;
				GCC_WARN_UNINITIALIZED_AUTOS = YES_AGGRESSIVE;
				GCC_WARN_UNUSED_FUNCTION = YES;
				GCC_WARN_UNUSED_VARIABLE = YES;
				IPHONEOS_DEPLOYMENT_TARGET = 16.0;
				MTL_ENABLE_DEBUG_INFO = NO;
				MTL_FAST_MATH = YES;
				SDKROOT = iphoneos;
				SWIFT_COMPILATION_MODE = wholemodule;
				SWIFT_OPTIMIZATION_LEVEL = "-O";
				VALIDATE_PRODUCT = YES;
			};
			name = Release;
		};
		74AA6C8728EDA96C009BADF9 /* Debug */ = {
			isa = XCBuildConfiguration;
			buildSettings = {
				ASSETCATALOG_COMPILER_APPICON_NAME = AppIcon;
				ASSETCATALOG_COMPILER_GLOBAL_ACCENT_COLOR_NAME = AccentColor;
				CODE_SIGN_STYLE = Automatic;
				CURRENT_PROJECT_VERSION = 1;
				DEVELOPMENT_ASSET_PATHS = "\"DIG-components/Preview Content\"";
				ENABLE_PREVIEWS = YES;
				GENERATE_INFOPLIST_FILE = YES;
				INFOPLIST_KEY_UIApplicationSceneManifest_Generation = YES;
				INFOPLIST_KEY_UIApplicationSupportsIndirectInputEvents = YES;
				INFOPLIST_KEY_UILaunchScreen_Generation = YES;
				INFOPLIST_KEY_UISupportedInterfaceOrientations = "UIInterfaceOrientationLandscapeLeft UIInterfaceOrientationLandscapeRight";
				LD_RUNPATH_SEARCH_PATHS = (
					"$(inherited)",
					"@executable_path/Frameworks",
				);
				MARKETING_VERSION = 1.0;
				PRODUCT_BUNDLE_IDENTIFIER = "com.keywalker.sk.DIG-components";
				PRODUCT_NAME = "$(TARGET_NAME)";
				SWIFT_EMIT_LOC_STRINGS = YES;
				SWIFT_VERSION = 5.0;
				TARGETED_DEVICE_FAMILY = "1,2";
			};
			name = Debug;
		};
		74AA6C8828EDA96C009BADF9 /* Release */ = {
			isa = XCBuildConfiguration;
			buildSettings = {
				ASSETCATALOG_COMPILER_APPICON_NAME = AppIcon;
				ASSETCATALOG_COMPILER_GLOBAL_ACCENT_COLOR_NAME = AccentColor;
				CODE_SIGN_STYLE = Automatic;
				CURRENT_PROJECT_VERSION = 1;
				DEVELOPMENT_ASSET_PATHS = "\"DIG-components/Preview Content\"";
				ENABLE_PREVIEWS = YES;
				GENERATE_INFOPLIST_FILE = YES;
				INFOPLIST_KEY_UIApplicationSceneManifest_Generation = YES;
				INFOPLIST_KEY_UIApplicationSupportsIndirectInputEvents = YES;
				INFOPLIST_KEY_UILaunchScreen_Generation = YES;
				INFOPLIST_KEY_UISupportedInterfaceOrientations = "UIInterfaceOrientationLandscapeLeft UIInterfaceOrientationLandscapeRight";
				LD_RUNPATH_SEARCH_PATHS = (
					"$(inherited)",
					"@executable_path/Frameworks",
				);
				MARKETING_VERSION = 1.0;
				PRODUCT_BUNDLE_IDENTIFIER = "com.keywalker.sk.DIG-components";
				PRODUCT_NAME = "$(TARGET_NAME)";
				SWIFT_EMIT_LOC_STRINGS = YES;
				SWIFT_VERSION = 5.0;
				TARGETED_DEVICE_FAMILY = "1,2";
			};
			name = Release;
		};
/* End XCBuildConfiguration section */

/* Begin XCConfigurationList section */
		74AA6C7328EDA96B009BADF9 /* Build configuration list for PBXProject "DIG-components" */ = {
			isa = XCConfigurationList;
			buildConfigurations = (
				74AA6C8428EDA96C009BADF9 /* Debug */,
				74AA6C8528EDA96C009BADF9 /* Release */,
			);
			defaultConfigurationIsVisible = 0;
			defaultConfigurationName = Release;
		};
		74AA6C8628EDA96C009BADF9 /* Build configuration list for PBXNativeTarget "DIG-components" */ = {
			isa = XCConfigurationList;
			buildConfigurations = (
				74AA6C8728EDA96C009BADF9 /* Debug */,
				74AA6C8828EDA96C009BADF9 /* Release */,
			);
			defaultConfigurationIsVisible = 0;
			defaultConfigurationName = Release;
		};
/* End XCConfigurationList section */
	};
	rootObject = 74AA6C7028EDA96B009BADF9 /* Project object */;
}
